
Microsoft Visual Studio Solution File, Format Version 12.00
Project("{2150E333-8FDC-42A3-9474-1A3956D46DE8}") = "Libraries", "Libraries", "{4935BA3C-BEB2-4AEA-941D-DE10C6AF819D}"
EndProject
Project("{2150E333-8FDC-42A3-9474-1A3956D46DE8}") = "Tests", "Tests", "{139F6D5C-5A67-4461-B365-1AE1AF8361BE}"
EndProject
Project("{2150E333-8FDC-42A3-9474-1A3956D46DE8}") = "Client", "Client", "{EC4661DE-60E7-4254-8786-FC7870064B73}"
EndProject
Project("{FAE04EC0-301F-11D3-BF4B-00C04F79EFBC}") = "AutoStock.Data", "AutoStock.Data\AutoStock.Data.csproj", "{CA1E2119-7B07-4597-97F6-2002E2A7C932}"
EndProject
Project("{FAE04EC0-301F-11D3-BF4B-00C04F79EFBC}") = "AutoStock.Api", "AutoStock.Api\AutoStock.Api.csproj", "{64784633-089D-4188-BEA9-E177473761AC}"
EndProject
Project("{FAE04EC0-301F-11D3-BF4B-00C04F79EFBC}") = "AutoStock.Core", "AutoStock.Core\AutoStock.Core.csproj", "{098A8025-E960-43CF-BE55-FB7588649FC0}"
EndProject
Project("{2150E333-8FDC-42A3-9474-1A3956D46DE8}") = "Task", "Task", "{E4DB7F3A-BA7F-4BC3-BACA-102A34472AD7}"
EndProject
Project("{FAE04EC0-301F-11D3-BF4B-00C04F79EFBC}") = "AutoStock.Start", "AutoStock.Start\AutoStock.Start.csproj", "{4154F3FF-6A26-4027-91F6-4A76726FEC6B}"
EndProject
Project("{FAE04EC0-301F-11D3-BF4B-00C04F79EFBC}") = "AutoStock.Shared", "AutoStock.Shared\AutoStock.Shared.csproj", "{57B793A9-7640-4EBD-A019-66AE66D9B3F2}"
EndProject
Project("{2150E333-8FDC-42A3-9474-1A3956D46DE8}") = "Tools", "Tools", "{A2F6D66D-1940-4F50-B178-CF1197319438}"
EndProject
Project("{FAE04EC0-301F-11D3-BF4B-00C04F79EFBC}") = "AutoStock.Tool", "AutoStock.Tool\AutoStock.Tool.csproj", "{89EE27A9-4C9E-46C5-BE65-A8FBEA2039C2}"
EndProject
Project("{FAE04EC0-301F-11D3-BF4B-00C04F79EFBC}") = "AutoStock.UnitTest", "AutoStock.UnitTest\AutoStock.UnitTest.csproj", "{B01E0A8F-92CD-491B-B3E5-B050483C152E}"
EndProject
Project("{FAE04EC0-301F-11D3-BF4B-00C04F79EFBC}") = "AutoStock.ApiLibrary", "AutoStock.ApiLibrary\AutoStock.ApiLibrary.csproj", "{A6580AD4-271C-4DA8-80A7-C0406C465C1D}"
EndProject
Global
	GlobalSection(SolutionConfigurationPlatforms) = preSolution
		Debug|Any CPU = Debug|Any CPU
		Release|Any CPU = Release|Any CPU
	EndGlobalSection
	GlobalSection(NestedProjects) = preSolution
		{CA1E2119-7B07-4597-97F6-2002E2A7C932} = {4935BA3C-BEB2-4AEA-941D-DE10C6AF819D}
		{64784633-089D-4188-BEA9-E177473761AC} = {EC4661DE-60E7-4254-8786-FC7870064B73}
		{098A8025-E960-43CF-BE55-FB7588649FC0} = {4935BA3C-BEB2-4AEA-941D-DE10C6AF819D}
		{4154F3FF-6A26-4027-91F6-4A76726FEC6B} = {E4DB7F3A-BA7F-4BC3-BACA-102A34472AD7}
		{57B793A9-7640-4EBD-A019-66AE66D9B3F2} = {4935BA3C-BEB2-4AEA-941D-DE10C6AF819D}
		{89EE27A9-4C9E-46C5-BE65-A8FBEA2039C2} = {A2F6D66D-1940-4F50-B178-CF1197319438}
		{B01E0A8F-92CD-491B-B3E5-B050483C152E} = {139F6D5C-5A67-4461-B365-1AE1AF8361BE}
		{A6580AD4-271C-4DA8-80A7-C0406C465C1D} = {4935BA3C-BEB2-4AEA-941D-DE10C6AF819D}
	EndGlobalSection
	GlobalSection(ProjectConfigurationPlatforms) = postSolution
		{CA1E2119-7B07-4597-97F6-2002E2A7C932}.Debug|Any CPU.ActiveCfg = Debug|Any CPU
		{CA1E2119-7B07-4597-97F6-2002E2A7C932}.Debug|Any CPU.Build.0 = Debug|Any CPU
		{CA1E2119-7B07-4597-97F6-2002E2A7C932}.Release|Any CPU.ActiveCfg = Release|Any CPU
		{CA1E2119-7B07-4597-97F6-2002E2A7C932}.Release|Any CPU.Build.0 = Release|Any CPU
		{64784633-089D-4188-BEA9-E177473761AC}.Debug|Any CPU.ActiveCfg = Debug|Any CPU
		{64784633-089D-4188-BEA9-E177473761AC}.Debug|Any CPU.Build.0 = Debug|Any CPU
		{64784633-089D-4188-BEA9-E177473761AC}.Release|Any CPU.ActiveCfg = Release|Any CPU
		{64784633-089D-4188-BEA9-E177473761AC}.Release|Any CPU.Build.0 = Release|Any CPU
		{098A8025-E960-43CF-BE55-FB7588649FC0}.Debug|Any CPU.ActiveCfg = Debug|Any CPU
		{098A8025-E960-43CF-BE55-FB7588649FC0}.Debug|Any CPU.Build.0 = Debug|Any CPU
		{098A8025-E960-43CF-BE55-FB7588649FC0}.Release|Any CPU.ActiveCfg = Release|Any CPU
		{098A8025-E960-43CF-BE55-FB7588649FC0}.Release|Any CPU.Build.0 = Release|Any CPU
		{4154F3FF-6A26-4027-91F6-4A76726FEC6B}.Debug|Any CPU.ActiveCfg = Debug|Any CPU
		{4154F3FF-6A26-4027-91F6-4A76726FEC6B}.Debug|Any CPU.Build.0 = Debug|Any CPU
		{4154F3FF-6A26-4027-91F6-4A76726FEC6B}.Release|Any CPU.ActiveCfg = Release|Any CPU
		{4154F3FF-6A26-4027-91F6-4A76726FEC6B}.Release|Any CPU.Build.0 = Release|Any CPU
		{57B793A9-7640-4EBD-A019-66AE66D9B3F2}.Debug|Any CPU.ActiveCfg = Debug|Any CPU
		{57B793A9-7640-4EBD-A019-66AE66D9B3F2}.Debug|Any CPU.Build.0 = Debug|Any CPU
		{57B793A9-7640-4EBD-A019-66AE66D9B3F2}.Release|Any CPU.ActiveCfg = Release|Any CPU
		{57B793A9-7640-4EBD-A019-66AE66D9B3F2}.Release|Any CPU.Build.0 = Release|Any CPU
		{89EE27A9-4C9E-46C5-BE65-A8FBEA2039C2}.Debug|Any CPU.ActiveCfg = Debug|Any CPU
		{89EE27A9-4C9E-46C5-BE65-A8FBEA2039C2}.Debug|Any CPU.Build.0 = Debug|Any CPU
		{89EE27A9-4C9E-46C5-BE65-A8FBEA2039C2}.Release|Any CPU.ActiveCfg = Release|Any CPU
		{89EE27A9-4C9E-46C5-BE65-A8FBEA2039C2}.Release|Any CPU.Build.0 = Release|Any CPU
		{B01E0A8F-92CD-491B-B3E5-B050483C152E}.Debug|Any CPU.ActiveCfg = Debug|Any CPU
		{B01E0A8F-92CD-491B-B3E5-B050483C152E}.Debug|Any CPU.Build.0 = Debug|Any CPU
		{B01E0A8F-92CD-491B-B3E5-B050483C152E}.Release|Any CPU.ActiveCfg = Release|Any CPU
		{B01E0A8F-92CD-491B-B3E5-B050483C152E}.Release|Any CPU.Build.0 = Release|Any CPU
		{A6580AD4-271C-4DA8-80A7-C0406C465C1D}.Debug|Any CPU.ActiveCfg = Debug|Any CPU
		{A6580AD4-271C-4DA8-80A7-C0406C465C1D}.Debug|Any CPU.Build.0 = Debug|Any CPU
		{A6580AD4-271C-4DA8-80A7-C0406C465C1D}.Release|Any CPU.ActiveCfg = Release|Any CPU
		{A6580AD4-271C-4DA8-80A7-C0406C465C1D}.Release|Any CPU.Build.0 = Release|Any CPU
	EndGlobalSection
EndGlobal
